
Microsoft Visual Studio Solution File, Format Version 12.00
# Visual Studio Version 17
VisualStudioVersion = 17.3.32901.215
MinimumVisualStudioVersion = 10.0.40219.1
Project("{FAE04EC0-301F-11D3-BF4B-00C04F79EFBC}") = "TestTask", "TestTask.csproj", "{FE7421E2-7253-4611-BC8E-AD1CF4AD6E67}"
EndProject
Global
	GlobalSection(SolutionConfigurationPlatforms) = preSolution
		Debug|Any CPU = Debug|Any CPU
		Release|Any CPU = Release|Any CPU
	EndGlobalSection
	GlobalSection(ProjectConfigurationPlatforms) = postSolution
		{FE7421E2-7253-4611-BC8E-AD1CF4AD6E67}.Debug|Any CPU.ActiveCfg = Debug|Any CPU
		{FE7421E2-7253-4611-BC8E-AD1CF4AD6E67}.Debug|Any CPU.Build.0 = Debug|Any CPU
		{FE7421E2-7253-4611-BC8E-AD1CF4AD6E67}.Release|Any CPU.ActiveCfg = Release|Any CPU
		{FE7421E2-7253-4611-BC8E-AD1CF4AD6E67}.Release|Any CPU.Build.0 = Release|Any CPU
	EndGlobalSection
	GlobalSection(SolutionProperties) = preSolution
		HideSolutionNode = FALSE
	EndGlobalSection
	GlobalSection(ExtensibilityGlobals) = postSolution
		SolutionGuid = {D199381C-FAEB-4133-9B59-BB02FE1B66EE}
	EndGlobalSection
EndGlobal
